{
  "meteor": {},
  "dependencies": {
    "basePackages": {
      "iron-router": {},
      "collection2": {},
      "accounts-entry": {},
      "less-bootstrap-3": {},
      "reactive": {},
      "font-awesome-4-less": {},
      "reactive-publish": {},
      "autoform": {},
      "jquery-datatables": {},
      "bootboxjs": {},
      "moment-twix": {},
      "npm": {},
      "user-status": {},
      "facebook-node-sdk": {},
      "facebook-sdk": {},
      "facebook-server-methods": {},
      "layer-methods": {},
      "http-more": {}
    },
    "packages": {
      "iron-router": {
        "git": "https://github.com/EventedMind/iron-router.git",
        "tag": "v0.8.2",
        "commit": "05415a8891ea87a00fb1e2388585f2ca5a38e0da"
      },
      "collection2": {
        "git": "https://github.com/aldeed/meteor-collection2.git",
        "tag": "v0.4.5",
        "commit": "336903730249197b3358dac31b1bd5ed64fecc50"
      },
      "accounts-entry": {
        "git": "https://github.com/Differential/accounts-entry.git",
        "tag": "v0.8.0",
        "commit": "cf7f7d0ecc285824bc2748e305f5d693df99b4ae"
      },
      "less-bootstrap-3": {
        "git": "https://github.com/DerMambo/less-bootstrap-3.git",
        "tag": "v0.0.2",
        "commit": "b5010b2ff9e9ae6b0e6e13eb0f6c81c9cb84373e"
      },
      "reactive": {
        "git": "https://github.com/raix/reactive.git",
        "tag": "v0.0.1",
        "commit": "6ae2e780601f949388e74970a84d423ff88c4000"
      },
      "font-awesome-4-less": {
        "git": "https://github.com/svub/fontawesome4-less.git",
        "tag": "v4.4.0",
        "commit": "250d2336a217c18eb70e9d074784a7db3ca38472"
      },
      "reactive-publish": {
        "git": "https://github.com/Diggsey/meteor-reactive-publish.git",
        "tag": "v0.1.6",
        "commit": "dd8c149f109a1f3d1cac7e36293cf5904538ca90"
      },
      "autoform": {
        "git": "https://github.com/aldeed/meteor-autoform.git",
        "tag": "v0.16.1",
        "commit": "34a447fd3a1b3164c78f865aabbac3ddc2d033fb"
      },
      "jquery-datatables": {
        "git": "https://github.com/lumapictures/meteor-jquery-datatables",
        "tag": "v1.0.5",
        "commit": "fe4fb3178386f88eeac9139b7680646b320e321d"
      },
      "bootboxjs": {
        "git": "https://github.com/TimHeckel/meteor-bootboxjs.git",
        "tag": "v4.2.1-master.1",
        "commit": "c125969c1f3aef30e2a2ff20252bd3b2e4014b2f"
      },
      "moment-twix": {
        "git": "https://github.com/splendido/meteor-moment-twix.git",
        "tag": "v0.0.2",
        "commit": "76a83df05082a09f61599da8675e65ca5fd7dfa7"
      },
      "npm": {
        "git": "https://github.com/arunoda/meteor-npm.git",
        "tag": "v0.2.6",
        "commit": "177ab6118de5bf8cffb19481343d5762ff7a2aaf"
      },
      "user-status": {
        "git": "https://github.com/mizzao/meteor-user-status.git",
        "tag": "v0.6.0",
        "commit": "dba80d742522ac104f2155f1db852922e4249f96"
      },
      "facebook-node-sdk": {
        "git": "https://github.com/timbroddin/meteor-facebook-node-sdk.git",
        "tag": "v0.1.0",
        "commit": "031e1c55f6da43a68bd01255422b2e7bf508ac38"
      },
      "facebook-sdk": {
        "git": "https://github.com/hugesuccess/facebook-sdk.git",
        "tag": "v0.0.44",
        "commit": "cb71b860085ec6453b61644b31f6351e7de2c1b0"
      },
      "facebook-server-methods": {
        "git": "https://github.com/premosystems/meteor-facebook-server-methods",
        "tag": "v0.3.3",
        "commit": "586027ead47506166436dda47578cb267754c0d8"
      },
      "layer-methods": {
        "git": "https://github.com/premosystems/meteor-layer-methods",
        "tag": "v1.0.1",
        "commit": "b0112ec2faa73387ca0172514daa712a13aa58b6"
      },
      "http-more": {
        "git": "https://github.com/StockBase/meteor-http-more.git",
        "tag": "v0.8.1-2",
        "commit": "e7bc2fda40d130e51ff65187b0a8f1f6caa3c228"
      },
      "iron-layout": {
        "git": "https://github.com/EventedMind/iron-layout.git",
        "tag": "v0.2.0",
        "commit": "4a2d53e35ba036b0c189c7ceca34be494d4c6c97"
      },
      "simple-schema": {
        "git": "https://github.com/aldeed/meteor-simple-schema.git",
        "tag": "v0.6.0",
        "commit": "418ec496612fb2afc853e342f0d2269b6674a2fe"
      },
      "accounts-t9n": {
        "git": "https://github.com/softwarerero/meteor-accounts-t9n.git",
        "tag": "v0.0.5",
        "commit": "ad9539a8818049d5d9fa050d8b2a1f62706483b1"
      },
      "simple-form": {
        "git": "https://github.com/Differential/simple-form.git",
        "tag": "v0.1.8",
        "commit": "1ea0d3621b333e6f24f37e0e93efd3c081068716"
      },
      "server-deps": {
        "git": "https://github.com/Diggsey/meteor-server-deps.git",
        "tag": "v0.1.2",
        "commit": "2db5d15fad9240723549cbbc5260a74b6b7e1c61"
      },
      "moment": {
        "git": "https://github.com/acreeger/meteor-moment.git",
        "tag": "v2.6.0",
        "commit": "26156df681750fd6e6ed77043eef32b6653ebbdf"
      },
      "luma-component": {
        "git": "https://github.com/LumaPictures/meteor-luma-component",
        "tag": "v1.0.5",
        "commit": "9d567068048e9ca82699b096e78c3f7ec76c0fa4"
      },
      "timesync": {
        "git": "https://github.com/mizzao/meteor-timesync.git",
        "tag": "v0.2.1",
        "commit": "fa4abd511f4e32a3c5d22795ce2c1e8369428fac"
      },
      "blaze-layout": {
        "git": "https://github.com/EventedMind/blaze-layout.git",
        "tag": "v0.2.5",
        "commit": "273e3ab7d005d91a1a59c71bd224533b4dae2fbd"
      },
      "iron-core": {
        "git": "https://github.com/EventedMind/iron-core.git",
        "tag": "v0.2.0",
        "commit": "0e48b5dc50d03f01025b7b900fb5ce2f13d52cad"
      },
      "iron-dynamic-template": {
        "git": "https://github.com/EventedMind/iron-dynamic-template.git",
        "tag": "v0.2.1",
        "commit": "4dd1185c4d9d616c9abdb3f33e4a7d5a88db7e18"
      },
      "underscore-string-latest": {
        "git": "https://github.com/TimHeckel/meteor-underscore-string.git",
        "tag": "v2.3.3",
        "commit": "4a5d70eee48fbd90a6e6fc78747250d704a0b3bb"
      }
    }
  }
}
